{
  "version": 1,
  "dependencies": {
    "net8.0-windows7.0": {
      "DalamudPackager": {
        "type": "Direct",
        "requested": "[2.1.13, )",
        "resolved": "2.1.13",
        "contentHash": "rMN1omGe8536f4xLMvx9NwfvpAc9YFFfeXJ1t4P4PE6Gu8WCIoFliR1sh07hM+bfODmesk/dvMbji7vNI+B/pQ=="
      },
      "FFXIVWeather.Lumina": {
        "type": "Direct",
        "requested": "[2.2.0, )",
        "resolved": "2.2.0",
        "contentHash": "zGYBjw7iRY3fUYuDGDaroiPES123esZ07th+H/cKsIZsfs5960B9EDjyEHxu1NlA0txKMGLbNMjINUmE4XImsg==",
        "dependencies": {
          "Lumina": "3.9.0",
          "Lumina.Excel": "6.2.0"
        }
      },
      "Lumina": {
        "type": "Transitive",
        "resolved": "3.9.0",
        "contentHash": "2ADC9iN8yUHXELq3IIQAK1cvi2kp53l1CDmAnrsTwBXJ9o9anIC+X6TzFRxWuRvTVI/MEMHTjwBobGwBGc3XhQ=="
      },
      "Lumina.Excel": {
        "type": "Transitive",
        "resolved": "6.2.0",
        "contentHash": "gIPr/Q4HhYDL65h/9b0srdL+Nfxk90T7aIciLnpl/QaBdc7tGRPzUmq0FU2QjErkikhrFOrb4Fp5NkQaN3DQDA==",
        "dependencies": {
          "Lumina": "3.9.0"
        }
      }
    }
  }
}