{
  "version": 1,
  "dependencies": {
    "net8.0-windows7.0": {
      "DalamudPackager": {
        "type": "Direct",
        "requested": "[2.1.13, )",
        "resolved": "2.1.13",
        "contentHash": "rMN1omGe8536f4xLMvx9NwfvpAc9YFFfeXJ1t4P4PE6Gu8WCIoFliR1sh07hM+bfODmesk/dvMbji7vNI+B/pQ=="
      },
      "FFXIVWeather.Lumina": {
        "type": "Direct",
        "requested": "[2.2.0, )",
        "resolved": "2.2.0",
        "contentHash": "zGYBjw7iRY3fUYuDGDaroiPES123esZ07th+H/cKsIZsfs5960B9EDjyEHxu1NlA0txKMGLbNMjINUmE4XImsg==",
        "dependencies": {
          "Lumina": "3.9.0",
          "Lumina.Excel": "6.2.0"
        }
      },
      "Lumina": {
        "type": "Direct",
        "requested": "[4.1.0, )",
        "resolved": "4.1.0",
        "contentHash": "bl+CdE2TXGU6aUCiqcrqiiiXJ0eGpfK0c+CwvCL+SY78ydV/zMqLH61XsU1+4CsjSU1+jDiRlLw2/0bIIE6guQ==",
        "dependencies": {
          "Microsoft.Extensions.ObjectPool": "9.0.0-preview.1.24081.5"
        }
      },
      "Lumina.Excel": {
        "type": "Direct",
        "requested": "[7.0.0, )",
        "resolved": "7.0.0",
        "contentHash": "hZ0Nydtz9ln9k6P4hjZtE+RJbS3E0GsPhkhUy5NOVTHaSRYgkB/SCrBh0Cv8O1+5oOh7cOXfdHHaykYtS0Cn9w==",
        "dependencies": {
          "Lumina": "3.15.2"
        }
      },
      "Microsoft.Extensions.ObjectPool": {
        "type": "Transitive",
        "resolved": "9.0.0-preview.1.24081.5",
        "contentHash": "aAR7YW+pUUdvHk3vj7GtAi71dWGDIuY9270lsmQ6lKw23zzY+r8pLP3cGNbJdlnA9VWl+S+gnIVkBCqj2ROlEg=="
      }
    }
  }
}