{
  "version": 1,
  "dependencies": {
    "net7.0-windows7.0": {
      "DalamudPackager": {
        "type": "Direct",
        "requested": "[2.1.11, )",
        "resolved": "2.1.11",
        "contentHash": "9qlAWoRRTiL/geAvuwR/g6Bcbrd/bJJgVnB/RurBiyKs6srsP0bvpoo8IK+Eg8EA6jWeM6/YJWs66w4FIAzqPw=="
      },
      "FFXIVWeather.Lumina": {
        "type": "Direct",
        "requested": "[2.2.0, )",
        "resolved": "2.2.0",
        "contentHash": "zGYBjw7iRY3fUYuDGDaroiPES123esZ07th+H/cKsIZsfs5960B9EDjyEHxu1NlA0txKMGLbNMjINUmE4XImsg==",
        "dependencies": {
          "Lumina": "3.9.0",
          "Lumina.Excel": "6.2.0"
        }
      },
      "Lumina": {
        "type": "Transitive",
        "resolved": "3.9.0",
        "contentHash": "2ADC9iN8yUHXELq3IIQAK1cvi2kp53l1CDmAnrsTwBXJ9o9anIC+X6TzFRxWuRvTVI/MEMHTjwBobGwBGc3XhQ=="
      },
      "Lumina.Excel": {
        "type": "Transitive",
        "resolved": "6.2.0",
        "contentHash": "gIPr/Q4HhYDL65h/9b0srdL+Nfxk90T7aIciLnpl/QaBdc7tGRPzUmq0FU2QjErkikhrFOrb4Fp5NkQaN3DQDA==",
        "dependencies": {
          "Lumina": "3.9.0"
        }
      }
    }
  }
}